// !$*UTF8*$!
{
	archiveVersion = 1;
	classes = {
	};
	objectVersion = 46;
	objects = {

/* Begin PBXBuildFile section */
		04655B971CC7659700BB309D /* AppDelegate.swift in Sources */ = {isa = PBXBuildFile; fileRef = 04655B961CC7659700BB309D /* AppDelegate.swift */; };
		04655B991CC7659700BB309D /* ViewController.swift in Sources */ = {isa = PBXBuildFile; fileRef = 04655B981CC7659700BB309D /* ViewController.swift */; };
		04655B9C1CC7659700BB309D /* Main.storyboard in Resources */ = {isa = PBXBuildFile; fileRef = 04655B9A1CC7659700BB309D /* Main.storyboard */; };
		04655B9E1CC7659700BB309D /* Assets.xcassets in Resources */ = {isa = PBXBuildFile; fileRef = 04655B9D1CC7659700BB309D /* Assets.xcassets */; };
		04655BA11CC7659700BB309D /* LaunchScreen.storyboard in Resources */ = {isa = PBXBuildFile; fileRef = 04655B9F1CC7659700BB309D /* LaunchScreen.storyboard */; };
		04655BA91CC7697100BB309D /* MenuView.swift in Sources */ = {isa = PBXBuildFile; fileRef = 04655BA81CC7697100BB309D /* MenuView.swift */; };
		04655BAD1CC76FB900BB309D /* MenuLayer.swift in Sources */ = {isa = PBXBuildFile; fileRef = 04655BAC1CC76FB900BB309D /* MenuLayer.swift */; };
		04B648051CC875A100F3B083 /* ThreeDotButton.swift in Sources */ = {isa = PBXBuildFile; fileRef = 04B648041CC875A100F3B083 /* ThreeDotButton.swift */; };
/* End PBXBuildFile section */

/* Begin PBXFileReference section */
		04655B931CC7659700BB309D /* ThreeDotMenu.app */ = {isa = PBXFileReference; explicitFileType = wrapper.application; includeInIndex = 0; path = ThreeDotMenu.app; sourceTree = BUILT_PRODUCTS_DIR; };
		04655B961CC7659700BB309D /* AppDelegate.swift */ = {isa = PBXFileReference; lastKnownFileType = sourcecode.swift; path = AppDelegate.swift; sourceTree = "<group>"; };
		04655B981CC7659700BB309D /* ViewController.swift */ = {isa = PBXFileReference; lastKnownFileType = sourcecode.swift; path = ViewController.swift; sourceTree = "<group>"; };
		04655B9B1CC7659700BB309D /* Base */ = {isa = PBXFileReference; lastKnownFileType = file.storyboard; name = Base; path = Base.lproj/Main.storyboard; sourceTree = "<group>"; };
		04655B9D1CC7659700BB309D /* Assets.xcassets */ = {isa = PBXFileReference; lastKnownFileType = folder.assetcatalog; path = Assets.xcassets; sourceTree = "<group>"; };
		04655BA01CC7659700BB309D /* Base */ = {isa = PBXFileReference; lastKnownFileType = file.storyboard; name = Base; path = Base.lproj/LaunchScreen.storyboard; sourceTree = "<group>"; };
		04655BA21CC7659700BB309D /* Info.plist */ = {isa = PBXFileReference; lastKnownFileType = text.plist.xml; path = Info.plist; sourceTree = "<group>"; };
		04655BA81CC7697100BB309D /* MenuView.swift */ = {isa = PBXFileReference; fileEncoding = 4; lastKnownFileType = sourcecode.swift; path = MenuView.swift; sourceTree = "<group>"; };
		04655BAC1CC76FB900BB309D /* MenuLayer.swift */ = {isa = PBXFileReference; fileEncoding = 4; lastKnownFileType = sourcecode.swift; path = MenuLayer.swift; sourceTree = "<group>"; };
		04B648041CC875A100F3B083 /* ThreeDotButton.swift */ = {isa = PBXFileReference; fileEncoding = 4; lastKnownFileType = sourcecode.swift; path = ThreeDotButton.swift; sourceTree = "<group>"; };
/* End PBXFileReference section */

/* Begin PBXFrameworksBuildPhase section */
		04655B901CC7659700BB309D /* Frameworks */ = {
			isa = PBXFrameworksBuildPhase;
			buildActionMask = 2147483647;
			files = (
			);
			runOnlyForDeploymentPostprocessing = 0;
		};
/* End PBXFrameworksBuildPhase section */

/* Begin PBXGroup section */
		04655B8A1CC7659700BB309D = {
			isa = PBXGroup;
			children = (
				04655B951CC7659700BB309D /* ThreeDotMenu */,
				04655B941CC7659700BB309D /* Products */,
			);
			sourceTree = "<group>";
		};
		04655B941CC7659700BB309D /* Products */ = {
			isa = PBXGroup;
			children = (
				04655B931CC7659700BB309D /* ThreeDotMenu.app */,
			);
			name = Products;
			sourceTree = "<group>";
		};
		04655B951CC7659700BB309D /* ThreeDotMenu */ = {
			isa = PBXGroup;
			children = (
				04655B961CC7659700BB309D /* AppDelegate.swift */,
				04655BA81CC7697100BB309D /* MenuView.swift */,
				04655BAC1CC76FB900BB309D /* MenuLayer.swift */,
				04B648041CC875A100F3B083 /* ThreeDotButton.swift */,
				04655B981CC7659700BB309D /* ViewController.swift */,
				04655B9A1CC7659700BB309D /* Main.storyboard */,
				04655B9D1CC7659700BB309D /* Assets.xcassets */,
				04655B9F1CC7659700BB309D /* LaunchScreen.storyboard */,
				04655BA21CC7659700BB309D /* Info.plist */,
			);
			path = ThreeDotMenu;
			sourceTree = "<group>";
		};
/* End PBXGroup section */

/* Begin PBXNativeTarget section */
		04655B921CC7659700BB309D /* ThreeDotMenu */ = {
			isa = PBXNativeTarget;
			buildConfigurationList = 04655BA51CC7659700BB309D /* Build configuration list for PBXNativeTarget "ThreeDotMenu" */;
			buildPhases = (
				04655B8F1CC7659700BB309D /* Sources */,
				04655B901CC7659700BB309D /* Frameworks */,
				04655B911CC7659700BB309D /* Resources */,
			);
			buildRules = (
			);
			dependencies = (
			);
			name = ThreeDotMenu;
			productName = ThreeDotMenu;
			productReference = 04655B931CC7659700BB309D /* ThreeDotMenu.app */;
			productType = "com.apple.product-type.application";
		};
/* End PBXNativeTarget section */

/* Begin PBXProject section */
		04655B8B1CC7659700BB309D /* Project object */ = {
			isa = PBXProject;
			attributes = {
				LastSwiftUpdateCheck = 0730;
				LastUpgradeCheck = 0730;
				ORGANIZATIONNAME = tttpeng;
				TargetAttributes = {
					04655B921CC7659700BB309D = {
						CreatedOnToolsVersion = 7.3;
						DevelopmentTeam = 9W7CU3Q687;
					};
				};
			};
			buildConfigurationList = 04655B8E1CC7659700BB309D /* Build configuration list for PBXProject "ThreeDotMenu" */;
			compatibilityVersion = "Xcode 3.2";
			developmentRegion = English;
			hasScannedForEncodings = 0;
			knownRegions = (
				en,
				Base,
			);
			mainGroup = 04655B8A1CC7659700BB309D;
			productRefGroup = 04655B941CC7659700BB309D /* Products */;
			projectDirPath = "";
			projectRoot = "";
			targets = (
				04655B921CC7659700BB309D /* ThreeDotMenu */,
			);
		};
/* End PBXProject section */

/* Begin PBXResourcesBuildPhase section */
		04655B911CC7659700BB309D /* Resources */ = {
			isa = PBXResourcesBuildPhase;
			buildActionMask = 2147483647;
			files = (
				04655BA11CC7659700BB309D /* LaunchScreen.storyboard in Resources */,
				04655B9E1CC7659700BB309D /* Assets.xcassets in Resources */,
				04655B9C1CC7659700BB309D /* Main.storyboard in Resources */,
			);
			runOnlyForDeploymentPostprocessing = 0;
		};
/* End PBXResourcesBuildPhase section */

/* Begin PBXSourcesBuildPhase section */
		04655B8F1CC7659700BB309D /* Sources */ = {
			isa = PBXSourcesBuildPhase;
			buildActionMask = 2147483647;
			files = (
				04655BAD1CC76FB900BB309D /* MenuLayer.swift in Sources */,
				04655B991CC7659700BB309D /* ViewController.swift in Sources */,
				04B648051CC875A100F3B083 /* ThreeDotButton.swift in Sources */,
				04655BA91CC7697100BB309D /* MenuView.swift in Sources */,
				04655B971CC7659700BB309D /* AppDelegate.swift in Sources */,
			);
			runOnlyForDeploymentPostprocessing = 0;
		};
/* End PBXSourcesBuildPhase section */

/* Begin PBXVariantGroup section */
		04655B9A1CC7659700BB309D /* Main.storyboard */ = {
			isa = PBXVariantGroup;
			children = (
				04655B9B1CC7659700BB309D /* Base */,
			);
			name = Main.storyboard;
			sourceTree = "<group>";
		};
		04655B9F1CC7659700BB309D /* LaunchScreen.storyboard */ = {
			isa = PBXVariantGroup;
			children = (
				04655BA01CC7659700BB309D /* Base */,
			);
			name = LaunchScreen.storyboard;
			sourceTree = "<group>";
		};
/* End PBXVariantGroup section */

/* Begin XCBuildConfiguration section */
		04655BA31CC7659700BB309D /* Debug */ = {
			isa = XCBuildConfiguration;
			buildSettings = {
				ALWAYS_SEARCH_USER_PATHS = NO;
				CLANG_ANALYZER_NONNULL = YES;
				CLANG_CXX_LANGUAGE_STANDARD = "gnu++0x";
				CLANG_CXX_LIBRARY = "libc++";
				CLANG_ENABLE_MODULES = YES;
				CLANG_ENABLE_OBJC_ARC = YES;
				CLANG_WARN_BOOL_CONVERSION = YES;
				CLANG_WARN_CONSTANT_CONVERSION = YES;
				CLANG_WARN_DIRECT_OBJC_ISA_USAGE = YES_ERROR;
				CLANG_WARN_EMPTY_BODY = YES;
				CLANG_WARN_ENUM_CONVERSION = YES;
				CLANG_WARN_INT_CONVERSION = YES;
				CLANG_WARN_OBJC_ROOT_CLASS = YES_ERROR;
				CLANG_WARN_UNREACHABLE_CODE = YES;
				CLANG_WARN__DUPLICATE_METHOD_MATCH = YES;
				"CODE_SIGN_IDENTITY[sdk=iphoneos*]" = "iPhone Developer";
				COPY_PHASE_STRIP = NO;
				DEBUG_INFORMATION_FORMAT = dwarf;
				ENABLE_STRICT_OBJC_MSGSEND = YES;
				ENABLE_TESTABILITY = YES;
				GCC_C_LANGUAGE_STANDARD = gnu99;
				GCC_DYNAMIC_NO_PIC = NO;
				GCC_NO_COMMON_BLOCKS = YES;
				GCC_OPTIMIZATION_LEVEL = 0;
				GCC_PREPROCESSOR_DEFINITIONS = (
					"DEBUG=1",
					"$(inherited)",
				);
				GCC_WARN_64_TO_32_BIT_CONVERSION = YES;
				GCC_WARN_ABOUT_RETURN_TYPE = YES_ERROR;
				GCC_WARN_UNDECLARED_SELECTOR = YES;
				GCC_WARN_UNINITIALIZED_AUTOS = YES_AGGRESSIVE;
				GCC_WARN_UNUSED_FUNCTION = YES;
				GCC_WARN_UNUSED_VARIABLE = YES;
				IPHONEOS_DEPLOYMENT_TARGET = 9.3;
				MTL_ENABLE_DEBUG_INFO = YES;
				ONLY_ACTIVE_ARCH = YES;
				SDKROOT = iphoneos;
				SWIFT_OPTIMIZATION_LEVEL = "-Onone";
			};
			name = Debug;
		};
		04655BA41CC7659700BB309D /* Release */ = {
			isa = XCBuildConfiguration;
			buildSettings = {
				ALWAYS_SEARCH_USER_PATHS = NO;
				CLANG_ANALYZER_NONNULL = YES;
				CLANG_CXX_LANGUAGE_STANDARD = "gnu++0x";
				CLANG_CXX_LIBRARY = "libc++";
				CLANG_ENABLE_MODULES = YES;
				CLANG_ENABLE_OBJC_ARC = YES;
				CLANG_WARN_BOOL_CONVERSION = YES;
				CLANG_WARN_CONSTANT_CONVERSION = YES;
				CLANG_WARN_DIRECT_OBJC_ISA_USAGE = YES_ERROR;
				CLANG_WARN_EMPTY_BODY = YES;
				CLANG_WARN_ENUM_CONVERSION = YES;
				CLANG_WARN_INT_CONVERSION = YES;
				CLANG_WARN_OBJC_ROOT_CLASS = YES_ERROR;
				CLANG_WARN_UNREACHABLE_CODE = YES;
				CLANG_WARN__DUPLICATE_METHOD_MATCH = YES;
				"CODE_SIGN_IDENTITY[sdk=iphoneos*]" = "iPhone Developer";
				COPY_PHASE_STRIP = NO;
				DEBUG_INFORMATION_FORMAT = "dwarf-with-dsym";
				ENABLE_NS_ASSERTIONS = NO;
				ENABLE_STRICT_OBJC_MSGSEND = YES;
				GCC_C_LANGUAGE_STANDARD = gnu99;
				GCC_NO_COMMON_BLOCKS = YES;
				GCC_WARN_64_TO_32_BIT_CONVERSION = YES;
				GCC_WARN_ABOUT_RETURN_TYPE = YES_ERROR;
				GCC_WARN_UNDECLARED_SELECTOR = YES;
				GCC_WARN_UNINITIALIZED_AUTOS = YES_AGGRESSIVE;
				GCC_WARN_UNUSED_FUNCTION = YES;
				GCC_WARN_UNUSED_VARIABLE = YES;
				IPHONEOS_DEPLOYMENT_TARGET = 9.3;
				MTL_ENABLE_DEBUG_INFO = NO;
				SDKROOT = iphoneos;
				VALIDATE_PRODUCT = YES;
			};
			name = Release;
		};
		04655BA61CC7659700BB309D /* Debug */ = {
			isa = XCBuildConfiguration;
			buildSettings = {
				ASSETCATALOG_COMPILER_APPICON_NAME = AppIcon;
				CODE_SIGN_IDENTITY = "iPhone Developer";
				"CODE_SIGN_IDENTITY[sdk=iphoneos*]" = "iPhone Distribution: Zhong Qing Zhi Xue Education Technology Co., Ltd.";
				INFOPLIST_FILE = ThreeDotMenu/Info.plist;
				LD_RUNPATH_SEARCH_PATHS = "$(inherited) @executable_path/Frameworks";
				PRODUCT_BUNDLE_IDENTIFIER = com.tttpeng.ThreeDotMenu2;
				PRODUCT_NAME = "$(TARGET_NAME)";
				PROVISIONING_PROFILE = "";
			};
			name = Debug;
		};
		04655BA71CC7659700BB309D /* Release */ = {
			isa = XCBuildConfiguration;
			buildSettings = {
				ASSETCATALOG_COMPILER_APPICON_NAME = AppIcon;
				CODE_SIGN_IDENTITY = "iPhone Developer";
				"CODE_SIGN_IDENTITY[sdk=iphoneos*]" = "iPhone Distribution: Zhong Qing Zhi Xue Education Technology Co., Ltd.";
				INFOPLIST_FILE = ThreeDotMenu/Info.plist;
				LD_RUNPATH_SEARCH_PATHS = "$(inherited) @executable_path/Frameworks";
				PRODUCT_BUNDLE_IDENTIFIER = com.tttpeng.ThreeDotMenu2;
				PRODUCT_NAME = "$(TARGET_NAME)";
				PROVISIONING_PROFILE = "";
			};
			name = Release;
		};
/* End XCBuildConfiguration section */

/* Begin XCConfigurationList section */
		04655B8E1CC7659700BB309D /* Build configuration list for PBXProject "ThreeDotMenu" */ = {
			isa = XCConfigurationList;
			buildConfigurations = (
				04655BA31CC7659700BB309D /* Debug */,
				04655BA41CC7659700BB309D /* Release */,
			);
			defaultConfigurationIsVisible = 0;
			defaultConfigurationName = Release;
		};
		04655BA51CC7659700BB309D /* Build configuration list for PBXNativeTarget "ThreeDotMenu" */ = {
			isa = XCConfigurationList;
			buildConfigurations = (
				04655BA61CC7659700BB309D /* Debug */,
				04655BA71CC7659700BB309D /* Release */,
			);
			defaultConfigurationIsVisible = 0;
			defaultConfigurationName = Release;
		};
/* End XCConfigurationList section */
	};
	rootObject = 04655B8B1CC7659700BB309D /* Project object */;
}
